
Microsoft Visual Studio Solution File, Format Version 12.00
# Visual Studio Version 16
VisualStudioVersion = 16.0.31702.278
MinimumVisualStudioVersion = 10.0.40219.1
Project("{FAE04EC0-301F-11D3-BF4B-00C04F79EFBC}") = "RPSLAB", "RPSLAB\RPSLAB.csproj", "{3791D59D-54B8-44C6-B04C-120DC2B3B57D}"
EndProject
Global
	GlobalSection(SolutionConfigurationPlatforms) = preSolution
		Debug|Any CPU = Debug|Any CPU
		Release|Any CPU = Release|Any CPU
	EndGlobalSection
	GlobalSection(ProjectConfigurationPlatforms) = postSolution
		{3791D59D-54B8-44C6-B04C-120DC2B3B57D}.Debug|Any CPU.ActiveCfg = Debug|Any CPU
		{3791D59D-54B8-44C6-B04C-120DC2B3B57D}.Debug|Any CPU.Build.0 = Debug|Any CPU
		{3791D59D-54B8-44C6-B04C-120DC2B3B57D}.Release|Any CPU.ActiveCfg = Release|Any CPU
		{3791D59D-54B8-44C6-B04C-120DC2B3B57D}.Release|Any CPU.Build.0 = Release|Any CPU
	EndGlobalSection
	GlobalSection(SolutionProperties) = preSolution
		HideSolutionNode = FALSE
	EndGlobalSection
	GlobalSection(ExtensibilityGlobals) = postSolution
		SolutionGuid = {6B794E9B-5966-48CD-A226-465396BF0190}
	EndGlobalSection
EndGlobal
